
Microsoft Visual Studio Solution File, Format Version 12.00
# Visual Studio 14
VisualStudioVersion = 14.0.25420.1
MinimumVisualStudioVersion = 10.0.40219.1
Project("{FAE04EC0-301F-11D3-BF4B-00C04F79EFBC}") = "Softomate.WebUI", "SoftomateTestTask_1\Softomate.WebUI.csproj", "{A3BFD3B4-E0AD-4B65-9899-38A8D1EBBA63}"
EndProject
Project("{FAE04EC0-301F-11D3-BF4B-00C04F79EFBC}") = "Softomate.Data", "Softomate.Data\Softomate.Data.csproj", "{1E37B8B6-E26F-4695-9F37-F700DD3D516F}"
EndProject
Project("{FAE04EC0-301F-11D3-BF4B-00C04F79EFBC}") = "Softomate.Entity", "Softomate.Entity\Softomate.Entity.csproj", "{4467843B-EDE5-4ABB-B34A-2F6AF8873811}"
EndProject
Project("{FAE04EC0-301F-11D3-BF4B-00C04F79EFBC}") = "Softomate.Repo", "Softomate.Repo\Softomate.Repo.csproj", "{7C084D3A-3358-4DBA-A14D-C8E48A524D4C}"
EndProject
Project("{FAE04EC0-301F-11D3-BF4B-00C04F79EFBC}") = "SotomateColsole", "SotomateColsole\SotomateColsole.csproj", "{A52B71ED-CA1A-4D9A-93E9-D26B18386A95}"
EndProject
Global
	GlobalSection(SolutionConfigurationPlatforms) = preSolution
		Debug|Any CPU = Debug|Any CPU
		Release|Any CPU = Release|Any CPU
	EndGlobalSection
	GlobalSection(ProjectConfigurationPlatforms) = postSolution
		{A3BFD3B4-E0AD-4B65-9899-38A8D1EBBA63}.Debug|Any CPU.ActiveCfg = Debug|Any CPU
		{A3BFD3B4-E0AD-4B65-9899-38A8D1EBBA63}.Debug|Any CPU.Build.0 = Debug|Any CPU
		{A3BFD3B4-E0AD-4B65-9899-38A8D1EBBA63}.Release|Any CPU.ActiveCfg = Release|Any CPU
		{A3BFD3B4-E0AD-4B65-9899-38A8D1EBBA63}.Release|Any CPU.Build.0 = Release|Any CPU
		{1E37B8B6-E26F-4695-9F37-F700DD3D516F}.Debug|Any CPU.ActiveCfg = Debug|Any CPU
		{1E37B8B6-E26F-4695-9F37-F700DD3D516F}.Debug|Any CPU.Build.0 = Debug|Any CPU
		{1E37B8B6-E26F-4695-9F37-F700DD3D516F}.Release|Any CPU.ActiveCfg = Release|Any CPU
		{1E37B8B6-E26F-4695-9F37-F700DD3D516F}.Release|Any CPU.Build.0 = Release|Any CPU
		{4467843B-EDE5-4ABB-B34A-2F6AF8873811}.Debug|Any CPU.ActiveCfg = Debug|Any CPU
		{4467843B-EDE5-4ABB-B34A-2F6AF8873811}.Debug|Any CPU.Build.0 = Debug|Any CPU
		{4467843B-EDE5-4ABB-B34A-2F6AF8873811}.Release|Any CPU.ActiveCfg = Release|Any CPU
		{4467843B-EDE5-4ABB-B34A-2F6AF8873811}.Release|Any CPU.Build.0 = Release|Any CPU
		{7C084D3A-3358-4DBA-A14D-C8E48A524D4C}.Debug|Any CPU.ActiveCfg = Debug|Any CPU
		{7C084D3A-3358-4DBA-A14D-C8E48A524D4C}.Debug|Any CPU.Build.0 = Debug|Any CPU
		{7C084D3A-3358-4DBA-A14D-C8E48A524D4C}.Release|Any CPU.ActiveCfg = Release|Any CPU
		{7C084D3A-3358-4DBA-A14D-C8E48A524D4C}.Release|Any CPU.Build.0 = Release|Any CPU
		{A52B71ED-CA1A-4D9A-93E9-D26B18386A95}.Debug|Any CPU.ActiveCfg = Debug|Any CPU
		{A52B71ED-CA1A-4D9A-93E9-D26B18386A95}.Debug|Any CPU.Build.0 = Debug|Any CPU
		{A52B71ED-CA1A-4D9A-93E9-D26B18386A95}.Release|Any CPU.ActiveCfg = Release|Any CPU
		{A52B71ED-CA1A-4D9A-93E9-D26B18386A95}.Release|Any CPU.Build.0 = Release|Any CPU
	EndGlobalSection
	GlobalSection(SolutionProperties) = preSolution
		HideSolutionNode = FALSE
	EndGlobalSection
EndGlobal
